
Microsoft Visual Studio Solution File, Format Version 12.00
# Visual Studio Version 16
VisualStudioVersion = 16.0.30621.155
MinimumVisualStudioVersion = 10.0.40219.1
Project("{9A19103F-16F7-4668-BE54-9A1E7A4F7556}") = "OdeToFood", "OdeToFood\OdeToFood.csproj", "{5C0A0005-7B5E-4718-B314-C296229D7388}"
EndProject
Global
	GlobalSection(SolutionConfigurationPlatforms) = preSolution
		Debug|Any CPU = Debug|Any CPU
		Release|Any CPU = Release|Any CPU
	EndGlobalSection
	GlobalSection(ProjectConfigurationPlatforms) = postSolution
		{5C0A0005-7B5E-4718-B314-C296229D7388}.Debug|Any CPU.ActiveCfg = Debug|Any CPU
		{5C0A0005-7B5E-4718-B314-C296229D7388}.Debug|Any CPU.Build.0 = Debug|Any CPU
		{5C0A0005-7B5E-4718-B314-C296229D7388}.Release|Any CPU.ActiveCfg = Release|Any CPU
		{5C0A0005-7B5E-4718-B314-C296229D7388}.Release|Any CPU.Build.0 = Release|Any CPU
	EndGlobalSection
	GlobalSection(SolutionProperties) = preSolution
		HideSolutionNode = FALSE
	EndGlobalSection
	GlobalSection(ExtensibilityGlobals) = postSolution
		SolutionGuid = {6A273151-2613-4D93-A93E-5F317D9DF554}
	EndGlobalSection
EndGlobal
